
Microsoft Visual Studio Solution File, Format Version 12.00
# Visual Studio Version 16
VisualStudioVersion = 16.0.28729.10
MinimumVisualStudioVersion = 10.0.40219.1
Project("{FAE04EC0-301F-11D3-BF4B-00C04F79EFBC}") = "Online Shopping", "Online Shopping\Online Shopping.csproj", "{4C8205CD-1E30-4B60-BCAD-2F13306091EA}"
EndProject
Global
	GlobalSection(SolutionConfigurationPlatforms) = preSolution
		Debug|Any CPU = Debug|Any CPU
		Release|Any CPU = Release|Any CPU
	EndGlobalSection
	GlobalSection(ProjectConfigurationPlatforms) = postSolution
		{4C8205CD-1E30-4B60-BCAD-2F13306091EA}.Debug|Any CPU.ActiveCfg = Debug|Any CPU
		{4C8205CD-1E30-4B60-BCAD-2F13306091EA}.Debug|Any CPU.Build.0 = Debug|Any CPU
		{4C8205CD-1E30-4B60-BCAD-2F13306091EA}.Release|Any CPU.ActiveCfg = Release|Any CPU
		{4C8205CD-1E30-4B60-BCAD-2F13306091EA}.Release|Any CPU.Build.0 = Release|Any CPU
	EndGlobalSection
	GlobalSection(SolutionProperties) = preSolution
		HideSolutionNode = FALSE
	EndGlobalSection
	GlobalSection(ExtensibilityGlobals) = postSolution
		SolutionGuid = {46426314-5CAA-41D7-9A3F-2F45C8D965EB}
	EndGlobalSection
EndGlobal
